
Microsoft Visual Studio Solution File, Format Version 12.00
# Visual Studio 15
VisualStudioVersion = 15.0.28307.168
MinimumVisualStudioVersion = 10.0.40219.1
Project("{FAE04EC0-301F-11D3-BF4B-00C04F79EFBC}") = "WebApplication1", "WebApplication1\WebApplication1.csproj", "{E11E8D1F-5890-4868-8B53-D1CD9E63A166}"
EndProject
Project("{FAE04EC0-301F-11D3-BF4B-00C04F79EFBC}") = "_scratchpad", "_scratchpad\_scratchpad.csproj", "{96C0DFD0-A179-49C8-9076-EDEA0149B121}"
EndProject
Project("{FAE04EC0-301F-11D3-BF4B-00C04F79EFBC}") = "TestWebSocketApp", "TestWebSocketApp\TestWebSocketApp.csproj", "{C9EE1F0C-F8E6-47D4-A5C4-2FF9137B91EE}"
EndProject
Project("{FAE04EC0-301F-11D3-BF4B-00C04F79EFBC}") = "TestWebSocketClient", "TestWebSocketClient\TestWebSocketClient.csproj", "{59C374E1-AAD0-470A-9E43-D51A50ABBF84}"
EndProject
Global
	GlobalSection(SolutionConfigurationPlatforms) = preSolution
		Debug|Any CPU = Debug|Any CPU
		Release|Any CPU = Release|Any CPU
	EndGlobalSection
	GlobalSection(ProjectConfigurationPlatforms) = postSolution
		{E11E8D1F-5890-4868-8B53-D1CD9E63A166}.Debug|Any CPU.ActiveCfg = Debug|Any CPU
		{E11E8D1F-5890-4868-8B53-D1CD9E63A166}.Debug|Any CPU.Build.0 = Debug|Any CPU
		{E11E8D1F-5890-4868-8B53-D1CD9E63A166}.Release|Any CPU.ActiveCfg = Release|Any CPU
		{E11E8D1F-5890-4868-8B53-D1CD9E63A166}.Release|Any CPU.Build.0 = Release|Any CPU
		{96C0DFD0-A179-49C8-9076-EDEA0149B121}.Debug|Any CPU.ActiveCfg = Debug|Any CPU
		{96C0DFD0-A179-49C8-9076-EDEA0149B121}.Debug|Any CPU.Build.0 = Debug|Any CPU
		{96C0DFD0-A179-49C8-9076-EDEA0149B121}.Release|Any CPU.ActiveCfg = Release|Any CPU
		{96C0DFD0-A179-49C8-9076-EDEA0149B121}.Release|Any CPU.Build.0 = Release|Any CPU
		{C9EE1F0C-F8E6-47D4-A5C4-2FF9137B91EE}.Debug|Any CPU.ActiveCfg = Debug|Any CPU
		{C9EE1F0C-F8E6-47D4-A5C4-2FF9137B91EE}.Debug|Any CPU.Build.0 = Debug|Any CPU
		{C9EE1F0C-F8E6-47D4-A5C4-2FF9137B91EE}.Release|Any CPU.ActiveCfg = Release|Any CPU
		{C9EE1F0C-F8E6-47D4-A5C4-2FF9137B91EE}.Release|Any CPU.Build.0 = Release|Any CPU
		{59C374E1-AAD0-470A-9E43-D51A50ABBF84}.Debug|Any CPU.ActiveCfg = Debug|Any CPU
		{59C374E1-AAD0-470A-9E43-D51A50ABBF84}.Debug|Any CPU.Build.0 = Debug|Any CPU
		{59C374E1-AAD0-470A-9E43-D51A50ABBF84}.Release|Any CPU.ActiveCfg = Release|Any CPU
		{59C374E1-AAD0-470A-9E43-D51A50ABBF84}.Release|Any CPU.Build.0 = Release|Any CPU
	EndGlobalSection
	GlobalSection(SolutionProperties) = preSolution
		HideSolutionNode = FALSE
	EndGlobalSection
	GlobalSection(ExtensibilityGlobals) = postSolution
		SolutionGuid = {5A8F5FC6-695E-4944-B9A7-EDCABB25B89B}
	EndGlobalSection
	GlobalSection(Performance) = preSolution
		HasPerformanceSessions = true
	EndGlobalSection
EndGlobal
